
Microsoft Visual Studio Solution File, Format Version 12.00
# Visual Studio Version 17
VisualStudioVersion = 17.14.36414.22 d17.14
MinimumVisualStudioVersion = 10.0.40219.1
Project("{FAE04EC0-301F-11D3-BF4B-00C04F79EFBC}") = "my-books", "my-books\my-books.csproj", "{8010D2F5-72DA-45F1-8A2D-3CFA98B61811}"
EndProject
Global
	GlobalSection(SolutionConfigurationPlatforms) = preSolution
		Debug|Any CPU = Debug|Any CPU
		Release|Any CPU = Release|Any CPU
	EndGlobalSection
	GlobalSection(ProjectConfigurationPlatforms) = postSolution
		{8010D2F5-72DA-45F1-8A2D-3CFA98B61811}.Debug|Any CPU.ActiveCfg = Debug|Any CPU
		{8010D2F5-72DA-45F1-8A2D-3CFA98B61811}.Debug|Any CPU.Build.0 = Debug|Any CPU
		{8010D2F5-72DA-45F1-8A2D-3CFA98B61811}.Release|Any CPU.ActiveCfg = Release|Any CPU
		{8010D2F5-72DA-45F1-8A2D-3CFA98B61811}.Release|Any CPU.Build.0 = Release|Any CPU
	EndGlobalSection
	GlobalSection(SolutionProperties) = preSolution
		HideSolutionNode = FALSE
	EndGlobalSection
	GlobalSection(ExtensibilityGlobals) = postSolution
		SolutionGuid = {C8AF4479-F5D2-49D0-9811-33945C911306}
	EndGlobalSection
EndGlobal
